github.com/BurntSushi/toml v1.6.0 h1:dRaEfpa2VI55EwlIW72hMRHdWouJeRF7TPYhI+AUQjk=
github.com/BurntSushi/toml v1.6.0/go.mod h1:ukJfTF/6rtPPRCnwkur4qwRxa8vTRFBF0uk2lLoLwho=
github.com/davecgh/go-spew v1.1.1 h1:vj9j/u1bqnvCEfJOwUhtlOARqs3+rkHYY13jYWTU97c=
github.com/davecgh/go-spew v1.1.1/go.mod h1:J7Y8YcW2NihsgmVo/mv3lAwl/skON4iLHjSsI+c5H38=
github.com/josharian/intern v1.0.0 h1:vlS4z54oSdjm0bgjRigI+G1HpF+tI+9rE5LLzOg8HmY=
github.com/josharian/intern v1.0.0/go.mod h1:5DoeVV0s6jJacbCEi61lwdGj/aVlrQvzHFFd8Hwg//Y=
github.com/kr/pretty v0.1.0 h1:L/CwN0zerZDmRFUapSPitk6f+Q3+0za1rQkzVuMiMFI=
github.com/kr/pretty v0.1.0/go.mod h1:dAy3ld7l9f0ibDNOQOHHMYYIIbhfbHSm3C4ZsoJORNo=
github.com/kr/text v0.2.0 h1:5Nx0Ya0ZqY2ygV366QzturHI13Jq95ApcVaJBhpS+AY=
github.com/kr/text v0.2.0/go.mod h1:eLer722TekiGuMkidMxC/pM04lWEeraHUUmBw8l2grE=
github.com/mailru/easyjson v0.9.2 h1:dX8U45hQsZpxd80nLvDGihsQ/OxlvTkVUXH2r/8cb2M=
github.com/mailru/easyjson v0.9.2/go.mod h1:1+xMtQp2MRNVL/V1bOzuP3aP8VNwRW55fQUto+XFtTU=
github.com/mattn/go-sqlite3 v1.14.47 h1:jOBI62gS7nKeZv+as1oGEy0+1qISgXwH/QBlR6KbfIo=
github.com/mattn/go-sqlite3 v1.14.47/go.mod h1:6JTjA44L93a0QCyJef5YvlPoKXntQPjzWv5gtm9sB6w=
github.com/pmezard/go-difflib v1.0.0 h1:4DBwDE0NGyQoBHbLQYPwSUPoCMWR5BEzIk/f1lZbAQM=
github.com/pmezard/go-difflib v1.0.0/go.mod h1:iKH77koFhYxTK1pcRnkKkqfTogsbg7gZNVY4sRDYZ/4=
github.com/prashantv/gostub v1.1.0 h1:BTyx3RfQjRHnUWaGF9oQos79AlQ5k8WNktv7VGvVH4g=
github.com/prashantv/gostub v1.1.0/go.mod h1:A5zLQHz7ieHGG7is6LLXLz7I8+3LZzsrV0P1IAHhP5U=
github.com/stretchr/testify v1.7.1 h1:5TQK59W5E3v0r2duFAb7P95B6hEeOyEnHRa8MjYSMTY=
github.com/stretchr/testify v1.7.1/go.mod h1:6Fq8oRcR53rry900zMqJjRRixrwX3KX962/h/Wwjteg=
go.osspkg.com/algorithms v1.7.1 h1:j1yKbmjFNyd2I/1hUgUdwx+9YSolfRtA7ybf3YNxB+s=
go.osspkg.com/algorithms v1.7.1/go.mod h1:QojMfdersOcebMu/VfERA8Jsn+s/9TGELgaRFiyGuq0=
go.osspkg.com/casecheck v0.3.0 h1:x15blEszElbrHrEH5H02JIIhGIg/lGZzIt1kQlD3pwM=
go.osspkg.com/casecheck v0.3.0/go.mod h1:TRFXDMFJEOtnlp3ET2Hix3osbxwPWhvaiT/HfD3+gBA=
go.osspkg.com/do v0.3.0 h1:Q2TTqZYoVMc/fabsu00Dp6K/jv0bfI7/stSaUYc7pTY=
go.osspkg.com/do v0.3.0/go.mod h1:ThAZ8CofFABHEEUmr9FrdXhcBHap/LQ3wKiZ+AUyt9s=
go.osspkg.com/errors v0.4.0 h1:E17+WyUzTXEHCTxGm8lOMPOOojzHG1lsOuQtTVGoATQ=
go.osspkg.com/errors v0.4.0/go.mod h1:s75ZovPemYtrCtRPVsbQNq9MgMbmLMK1NEypr+uwjXI=
go.osspkg.com/events v0.3.0 h1:W2IngTsKs0BKYIglqhrETwtpo6uNSZXWRIt0/l7c6dY=
go.osspkg.com/events v0.3.0/go.mod h1:Cjpx+qNM1y2MIAygFyZWYagTuRiYirmKppZQdaZumd4=
go.osspkg.com/goppy/v3 v3.2.3 h1:5eu0KTZj+BDbDLEw7cJjwAtop7orS2kOaogZHGC0HxI=
go.osspkg.com/goppy/v3 v3.2.3/go.mod h1:aBZlbU4i16D5x4IMKGIwNxnKxhjPo0cLTdSUO0jCfQw=
go.osspkg.com/ioutils v0.7.4 h1:Z8Y4jYYmLGWcvHZMLjbai+s48GmHxjMuepsxZcjF5X4=
go.osspkg.com/ioutils v0.7.4/go.mod h1:pPIsTL1w1+ESrGTeHDCd6cKsujeWvschxGGP5FqrAqc=
go.osspkg.com/logx v0.6.1 h1:JqHk1iFBOKnwO0dZtC7n4sO/0MkUD9c7eulmYEDCnao=
go.osspkg.com/logx v0.6.1/go.mod h1:DLGpt+CPoDbxErtZNj4227l4AweRp0ltjp6KvXt5kjY=
go.osspkg.com/routine v0.4.1 h1:eKsbCAWplw1AokHLJfDY7yzkEmJ4WY0UDSAGotLsZXc=
go.osspkg.com/routine v0.4.1/go.mod h1:HUVnPHLFzNCYEGOqUiQWL+av73aFJ6H57XutFxhA+eU=
go.osspkg.com/syncing v0.5.0 h1:mgrwnn6381GiLZsuAXGWKk3AnBdm9HbaYwPyBMPoa/k=
go.osspkg.com/syncing v0.5.0/go.mod h1:/LBmgCAHFW6nQgVDILpEuo6eRCFK1yyFeNbDs4eVNls=
go.uber.org/automaxprocs v1.6.0 h1:O3y2/QNTOdbF+e/dpXNNW7Rx2hZ4sTIPyybbxyNqTUs=
go.uber.org/automaxprocs v1.6.0/go.mod h1:ifeIMSnPZuznNm6jmdzmU3/bfk01Fe2fotchwEFJ8r8=
gopkg.in/check.v1 v0.0.0-20161208181325-20d25e280405/go.mod h1:Co6ibVJAznAaIkqp8huTwlJQCZ016jof/cbN4VW5Yz0=
gopkg.in/check.v1 v1.0.0-20180628173108-788fd7840127 h1:qIbj1fsPNlZgppZ+VLlY7N33q108Sa+fhmuc+sWQYwY=
gopkg.in/check.v1 v1.0.0-20180628173108-788fd7840127/go.mod h1:Co6ibVJAznAaIkqp8huTwlJQCZ016jof/cbN4VW5Yz0=
gopkg.in/yaml.v3 v3.0.1 h1:fxVm/GzAzEWqLHuvctI91KS9hhNmmWOoWu0XTYJS7CA=
gopkg.in/yaml.v3 v3.0.1/go.mod h1:K4uyk7z7BCEPqu6E+C64Yfv1cQ7kz7rIZviUmN+EgEM=
